
Microsoft Visual Studio Solution File, Format Version 12.00
# Visual Studio 2012
Project("{FAE04EC0-301F-11D3-BF4B-00C04F79EFBC}") = "GameLogic", "GameLogic\GameLogic.csproj", "{A0877F52-3863-4E50-B74F-05BB49819F79}"
EndProject
Project("{FAE04EC0-301F-11D3-BF4B-00C04F79EFBC}") = "GameUnitTest", "GameUnitTest\GameUnitTest.csproj", "{BD45F977-93AB-401D-9CD2-637236EBF4A0}"
EndProject
Project("{FAE04EC0-301F-11D3-BF4B-00C04F79EFBC}") = "GameWeb", "GameWeb\GameWeb.csproj", "{49CF8EC6-FDDB-4F6B-BF5A-797EA0F9B2E7}"
EndProject
Project("{FAE04EC0-301F-11D3-BF4B-00C04F79EFBC}") = "GameWeb.Tests", "GameWeb.Tests\GameWeb.Tests.csproj", "{54F713B5-2D59-4C15-A832-C09263F9D7C4}"
EndProject
Global
	GlobalSection(SolutionConfigurationPlatforms) = preSolution
		Debug|Any CPU = Debug|Any CPU
		Release|Any CPU = Release|Any CPU
	EndGlobalSection
	GlobalSection(ProjectConfigurationPlatforms) = postSolution
		{A0877F52-3863-4E50-B74F-05BB49819F79}.Debug|Any CPU.ActiveCfg = Debug|Any CPU
		{A0877F52-3863-4E50-B74F-05BB49819F79}.Debug|Any CPU.Build.0 = Debug|Any CPU
		{A0877F52-3863-4E50-B74F-05BB49819F79}.Release|Any CPU.ActiveCfg = Release|Any CPU
		{A0877F52-3863-4E50-B74F-05BB49819F79}.Release|Any CPU.Build.0 = Release|Any CPU
		{BD45F977-93AB-401D-9CD2-637236EBF4A0}.Debug|Any CPU.ActiveCfg = Debug|Any CPU
		{BD45F977-93AB-401D-9CD2-637236EBF4A0}.Debug|Any CPU.Build.0 = Debug|Any CPU
		{BD45F977-93AB-401D-9CD2-637236EBF4A0}.Release|Any CPU.ActiveCfg = Release|Any CPU
		{BD45F977-93AB-401D-9CD2-637236EBF4A0}.Release|Any CPU.Build.0 = Release|Any CPU
		{49CF8EC6-FDDB-4F6B-BF5A-797EA0F9B2E7}.Debug|Any CPU.ActiveCfg = Debug|Any CPU
		{49CF8EC6-FDDB-4F6B-BF5A-797EA0F9B2E7}.Debug|Any CPU.Build.0 = Debug|Any CPU
		{49CF8EC6-FDDB-4F6B-BF5A-797EA0F9B2E7}.Release|Any CPU.ActiveCfg = Release|Any CPU
		{49CF8EC6-FDDB-4F6B-BF5A-797EA0F9B2E7}.Release|Any CPU.Build.0 = Release|Any CPU
		{54F713B5-2D59-4C15-A832-C09263F9D7C4}.Debug|Any CPU.ActiveCfg = Debug|Any CPU
		{54F713B5-2D59-4C15-A832-C09263F9D7C4}.Debug|Any CPU.Build.0 = Debug|Any CPU
		{54F713B5-2D59-4C15-A832-C09263F9D7C4}.Release|Any CPU.ActiveCfg = Release|Any CPU
		{54F713B5-2D59-4C15-A832-C09263F9D7C4}.Release|Any CPU.Build.0 = Release|Any CPU
	EndGlobalSection
	GlobalSection(SolutionProperties) = preSolution
		HideSolutionNode = FALSE
	EndGlobalSection
EndGlobal
